// !$*UTF8*$!
{
	archiveVersion = 1;
	classes = {
	};
	objectVersion = 46;
	objects = {

/* Begin PBXBuildFile section */
		7868DA9C4AC236DED1542847 /* Pods_WiproWeather.framework in Frameworks */ = {isa = PBXBuildFile; fileRef = 67E13DCEBC2508A646EE8461 /* Pods_WiproWeather.framework */; };
		A1F82EF11F274BB300B7A6E7 /* AppDelegate.swift in Sources */ = {isa = PBXBuildFile; fileRef = A1F82EF01F274BB300B7A6E7 /* AppDelegate.swift */; };
		A1F82EF31F274BB300B7A6E7 /* ViewController.swift in Sources */ = {isa = PBXBuildFile; fileRef = A1F82EF21F274BB300B7A6E7 /* ViewController.swift */; };
		A1F82EF61F274BB300B7A6E7 /* Main.storyboard in Resources */ = {isa = PBXBuildFile; fileRef = A1F82EF41F274BB300B7A6E7 /* Main.storyboard */; };
		A1F82EF81F274BB300B7A6E7 /* Assets.xcassets in Resources */ = {isa = PBXBuildFile; fileRef = A1F82EF71F274BB300B7A6E7 /* Assets.xcassets */; };
		A1F82EFB1F274BB300B7A6E7 /* LaunchScreen.storyboard in Resources */ = {isa = PBXBuildFile; fileRef = A1F82EF91F274BB300B7A6E7 /* LaunchScreen.storyboard */; };
		A1F82F031F274E4F00B7A6E7 /* ApiManager.swift in Sources */ = {isa = PBXBuildFile; fileRef = A1F82F021F274E4F00B7A6E7 /* ApiManager.swift */; };
		A1F82F051F2750CF00B7A6E7 /* ApiManager+CityRequest.swift in Sources */ = {isa = PBXBuildFile; fileRef = A1F82F041F2750CF00B7A6E7 /* ApiManager+CityRequest.swift */; };
		A1F82F071F2751A100B7A6E7 /* DayForecast.swift in Sources */ = {isa = PBXBuildFile; fileRef = A1F82F061F2751A100B7A6E7 /* DayForecast.swift */; };
		A1F82F091F27522A00B7A6E7 /* MainInfo.swift in Sources */ = {isa = PBXBuildFile; fileRef = A1F82F081F27522A00B7A6E7 /* MainInfo.swift */; };
		A1F82F0B1F2756D100B7A6E7 /* DayWeather.swift in Sources */ = {isa = PBXBuildFile; fileRef = A1F82F0A1F2756D100B7A6E7 /* DayWeather.swift */; };
		A1F82F0D1F27573100B7A6E7 /* Forecast.swift in Sources */ = {isa = PBXBuildFile; fileRef = A1F82F0C1F27573100B7A6E7 /* Forecast.swift */; };
		A1F82F0F1F2757DD00B7A6E7 /* Wind.swift in Sources */ = {isa = PBXBuildFile; fileRef = A1F82F0E1F2757DD00B7A6E7 /* Wind.swift */; };
		A1F82F131F275B0300B7A6E7 /* NSObject+Extension.swift in Sources */ = {isa = PBXBuildFile; fileRef = A1F82F121F275B0300B7A6E7 /* NSObject+Extension.swift */; };
/* End PBXBuildFile section */

/* Begin PBXFileReference section */
		67E13DCEBC2508A646EE8461 /* Pods_WiproWeather.framework */ = {isa = PBXFileReference; explicitFileType = wrapper.framework; includeInIndex = 0; path = Pods_WiproWeather.framework; sourceTree = BUILT_PRODUCTS_DIR; };
		853A7CE54FC10BCEE69F5BE2 /* Pods-WiproWeather.release.xcconfig */ = {isa = PBXFileReference; includeInIndex = 1; lastKnownFileType = text.xcconfig; name = "Pods-WiproWeather.release.xcconfig"; path = "Pods/Target Support Files/Pods-WiproWeather/Pods-WiproWeather.release.xcconfig"; sourceTree = "<group>"; };
		A1F82EED1F274BB300B7A6E7 /* WiproWeather.app */ = {isa = PBXFileReference; explicitFileType = wrapper.application; includeInIndex = 0; path = WiproWeather.app; sourceTree = BUILT_PRODUCTS_DIR; };
		A1F82EF01F274BB300B7A6E7 /* AppDelegate.swift */ = {isa = PBXFileReference; lastKnownFileType = sourcecode.swift; path = AppDelegate.swift; sourceTree = "<group>"; };
		A1F82EF21F274BB300B7A6E7 /* ViewController.swift */ = {isa = PBXFileReference; lastKnownFileType = sourcecode.swift; path = ViewController.swift; sourceTree = "<group>"; };
		A1F82EF51F274BB300B7A6E7 /* Base */ = {isa = PBXFileReference; lastKnownFileType = file.storyboard; name = Base; path = Base.lproj/Main.storyboard; sourceTree = "<group>"; };
		A1F82EF71F274BB300B7A6E7 /* Assets.xcassets */ = {isa = PBXFileReference; lastKnownFileType = folder.assetcatalog; path = Assets.xcassets; sourceTree = "<group>"; };
		A1F82EFA1F274BB300B7A6E7 /* Base */ = {isa = PBXFileReference; lastKnownFileType = file.storyboard; name = Base; path = Base.lproj/LaunchScreen.storyboard; sourceTree = "<group>"; };
		A1F82EFC1F274BB300B7A6E7 /* Info.plist */ = {isa = PBXFileReference; lastKnownFileType = text.plist.xml; path = Info.plist; sourceTree = "<group>"; };
		A1F82F021F274E4F00B7A6E7 /* ApiManager.swift */ = {isa = PBXFileReference; fileEncoding = 4; lastKnownFileType = sourcecode.swift; path = ApiManager.swift; sourceTree = "<group>"; };
		A1F82F041F2750CF00B7A6E7 /* ApiManager+CityRequest.swift */ = {isa = PBXFileReference; fileEncoding = 4; lastKnownFileType = sourcecode.swift; path = "ApiManager+CityRequest.swift"; sourceTree = "<group>"; };
		A1F82F061F2751A100B7A6E7 /* DayForecast.swift */ = {isa = PBXFileReference; fileEncoding = 4; lastKnownFileType = sourcecode.swift; path = DayForecast.swift; sourceTree = "<group>"; };
		A1F82F081F27522A00B7A6E7 /* MainInfo.swift */ = {isa = PBXFileReference; fileEncoding = 4; lastKnownFileType = sourcecode.swift; path = MainInfo.swift; sourceTree = "<group>"; };
		A1F82F0A1F2756D100B7A6E7 /* DayWeather.swift */ = {isa = PBXFileReference; fileEncoding = 4; lastKnownFileType = sourcecode.swift; path = DayWeather.swift; sourceTree = "<group>"; };
		A1F82F0C1F27573100B7A6E7 /* Forecast.swift */ = {isa = PBXFileReference; fileEncoding = 4; lastKnownFileType = sourcecode.swift; path = Forecast.swift; sourceTree = "<group>"; };
		A1F82F0E1F2757DD00B7A6E7 /* Wind.swift */ = {isa = PBXFileReference; fileEncoding = 4; lastKnownFileType = sourcecode.swift; path = Wind.swift; sourceTree = "<group>"; };
		A1F82F121F275B0300B7A6E7 /* NSObject+Extension.swift */ = {isa = PBXFileReference; fileEncoding = 4; lastKnownFileType = sourcecode.swift; path = "NSObject+Extension.swift"; sourceTree = "<group>"; };
		AD98B4ABB316035F1C3F7889 /* Pods-WiproWeather.debug.xcconfig */ = {isa = PBXFileReference; includeInIndex = 1; lastKnownFileType = text.xcconfig; name = "Pods-WiproWeather.debug.xcconfig"; path = "Pods/Target Support Files/Pods-WiproWeather/Pods-WiproWeather.debug.xcconfig"; sourceTree = "<group>"; };
/* End PBXFileReference section */

/* Begin PBXFrameworksBuildPhase section */
		A1F82EEA1F274BB300B7A6E7 /* Frameworks */ = {
			isa = PBXFrameworksBuildPhase;
			buildActionMask = 2147483647;
			files = (
				7868DA9C4AC236DED1542847 /* Pods_WiproWeather.framework in Frameworks */,
			);
			runOnlyForDeploymentPostprocessing = 0;
		};
/* End PBXFrameworksBuildPhase section */

/* Begin PBXGroup section */
		1EBF5CE0AF9FED886E0B9CC7 /* Frameworks */ = {
			isa = PBXGroup;
			children = (
				67E13DCEBC2508A646EE8461 /* Pods_WiproWeather.framework */,
			);
			name = Frameworks;
			sourceTree = "<group>";
		};
		A1F82EE41F274BB300B7A6E7 = {
			isa = PBXGroup;
			children = (
				A1F82EEF1F274BB300B7A6E7 /* WiproWeather */,
				A1F82EEE1F274BB300B7A6E7 /* Products */,
				A6EE39DC1773FEFABA27A311 /* Pods */,
				1EBF5CE0AF9FED886E0B9CC7 /* Frameworks */,
			);
			sourceTree = "<group>";
		};
		A1F82EEE1F274BB300B7A6E7 /* Products */ = {
			isa = PBXGroup;
			children = (
				A1F82EED1F274BB300B7A6E7 /* WiproWeather.app */,
			);
			name = Products;
			sourceTree = "<group>";
		};
		A1F82EEF1F274BB300B7A6E7 /* WiproWeather */ = {
			isa = PBXGroup;
			children = (
				A1F82EF01F274BB300B7A6E7 /* AppDelegate.swift */,
				A1F82EF21F274BB300B7A6E7 /* ViewController.swift */,
				A1F82F111F2758D600B7A6E7 /* Networking */,
				A1F82F101F2758CB00B7A6E7 /* Model */,
				A1F82F141F275B1600B7A6E7 /* Extensions */,
				A1F82EF41F274BB300B7A6E7 /* Main.storyboard */,
				A1F82EF71F274BB300B7A6E7 /* Assets.xcassets */,
				A1F82EF91F274BB300B7A6E7 /* LaunchScreen.storyboard */,
				A1F82EFC1F274BB300B7A6E7 /* Info.plist */,
			);
			path = WiproWeather;
			sourceTree = "<group>";
		};
		A1F82F101F2758CB00B7A6E7 /* Model */ = {
			isa = PBXGroup;
			children = (
				A1F82F0C1F27573100B7A6E7 /* Forecast.swift */,
				A1F82F061F2751A100B7A6E7 /* DayForecast.swift */,
				A1F82F081F27522A00B7A6E7 /* MainInfo.swift */,
				A1F82F0A1F2756D100B7A6E7 /* DayWeather.swift */,
				A1F82F0E1F2757DD00B7A6E7 /* Wind.swift */,
			);
			name = Model;
			sourceTree = "<group>";
		};
		A1F82F111F2758D600B7A6E7 /* Networking */ = {
			isa = PBXGroup;
			children = (
				A1F82F021F274E4F00B7A6E7 /* ApiManager.swift */,
				A1F82F041F2750CF00B7A6E7 /* ApiManager+CityRequest.swift */,
			);
			name = Networking;
			sourceTree = "<group>";
		};
		A1F82F141F275B1600B7A6E7 /* Extensions */ = {
			isa = PBXGroup;
			children = (
				A1F82F121F275B0300B7A6E7 /* NSObject+Extension.swift */,
			);
			name = Extensions;
			sourceTree = "<group>";
		};
		A6EE39DC1773FEFABA27A311 /* Pods */ = {
			isa = PBXGroup;
			children = (
				AD98B4ABB316035F1C3F7889 /* Pods-WiproWeather.debug.xcconfig */,
				853A7CE54FC10BCEE69F5BE2 /* Pods-WiproWeather.release.xcconfig */,
			);
			name = Pods;
			sourceTree = "<group>";
		};
/* End PBXGroup section */

/* Begin PBXNativeTarget section */
		A1F82EEC1F274BB300B7A6E7 /* WiproWeather */ = {
			isa = PBXNativeTarget;
			buildConfigurationList = A1F82EFF1F274BB300B7A6E7 /* Build configuration list for PBXNativeTarget "WiproWeather" */;
			buildPhases = (
				595945D49EC501B1179A86C6 /* [CP] Check Pods Manifest.lock */,
				A1F82EE91F274BB300B7A6E7 /* Sources */,
				A1F82EEA1F274BB300B7A6E7 /* Frameworks */,
				A1F82EEB1F274BB300B7A6E7 /* Resources */,
				55B07F1E444F30C553320DB8 /* [CP] Embed Pods Frameworks */,
				EAC5B4E70DF33A3FAA679D2B /* [CP] Copy Pods Resources */,
			);
			buildRules = (
			);
			dependencies = (
			);
			name = WiproWeather;
			productName = WiproWeather;
			productReference = A1F82EED1F274BB300B7A6E7 /* WiproWeather.app */;
			productType = "com.apple.product-type.application";
		};
/* End PBXNativeTarget section */

/* Begin PBXProject section */
		A1F82EE51F274BB300B7A6E7 /* Project object */ = {
			isa = PBXProject;
			attributes = {
				LastSwiftUpdateCheck = 0830;
				LastUpgradeCheck = 0830;
				ORGANIZATIONNAME = "Vlad-Constantin Buhaescu";
				TargetAttributes = {
					A1F82EEC1F274BB300B7A6E7 = {
						CreatedOnToolsVersion = 8.3.3;
						ProvisioningStyle = Automatic;
					};
				};
			};
			buildConfigurationList = A1F82EE81F274BB300B7A6E7 /* Build configuration list for PBXProject "WiproWeather" */;
			compatibilityVersion = "Xcode 3.2";
			developmentRegion = English;
			hasScannedForEncodings = 0;
			knownRegions = (
				en,
				Base,
			);
			mainGroup = A1F82EE41F274BB300B7A6E7;
			productRefGroup = A1F82EEE1F274BB300B7A6E7 /* Products */;
			projectDirPath = "";
			projectRoot = "";
			targets = (
				A1F82EEC1F274BB300B7A6E7 /* WiproWeather */,
			);
		};
/* End PBXProject section */

/* Begin PBXResourcesBuildPhase section */
		A1F82EEB1F274BB300B7A6E7 /* Resources */ = {
			isa = PBXResourcesBuildPhase;
			buildActionMask = 2147483647;
			files = (
				A1F82EFB1F274BB300B7A6E7 /* LaunchScreen.storyboard in Resources */,
				A1F82EF81F274BB300B7A6E7 /* Assets.xcassets in Resources */,
				A1F82EF61F274BB300B7A6E7 /* Main.storyboard in Resources */,
			);
			runOnlyForDeploymentPostprocessing = 0;
		};
/* End PBXResourcesBuildPhase section */

/* Begin PBXShellScriptBuildPhase section */
		55B07F1E444F30C553320DB8 /* [CP] Embed Pods Frameworks */ = {
			isa = PBXShellScriptBuildPhase;
			buildActionMask = 2147483647;
			files = (
			);
			inputPaths = (
			);
			name = "[CP] Embed Pods Frameworks";
			outputPaths = (
			);
			runOnlyForDeploymentPostprocessing = 0;
			shellPath = /bin/sh;
			shellScript = "\"${SRCROOT}/Pods/Target Support Files/Pods-WiproWeather/Pods-WiproWeather-frameworks.sh\"\n";
			showEnvVarsInLog = 0;
		};
		595945D49EC501B1179A86C6 /* [CP] Check Pods Manifest.lock */ = {
			isa = PBXShellScriptBuildPhase;
			buildActionMask = 2147483647;
			files = (
			);
			inputPaths = (
			);
			name = "[CP] Check Pods Manifest.lock";
			outputPaths = (
			);
			runOnlyForDeploymentPostprocessing = 0;
			shellPath = /bin/sh;
			shellScript = "diff \"${PODS_PODFILE_DIR_PATH}/Podfile.lock\" \"${PODS_ROOT}/Manifest.lock\" > /dev/null\nif [ $? != 0 ] ; then\n    # print error to STDERR\n    echo \"error: The sandbox is not in sync with the Podfile.lock. Run 'pod install' or update your CocoaPods installation.\" >&2\n    exit 1\nfi\n";
			showEnvVarsInLog = 0;
		};
		EAC5B4E70DF33A3FAA679D2B /* [CP] Copy Pods Resources */ = {
			isa = PBXShellScriptBuildPhase;
			buildActionMask = 2147483647;
			files = (
			);
			inputPaths = (
			);
			name = "[CP] Copy Pods Resources";
			outputPaths = (
			);
			runOnlyForDeploymentPostprocessing = 0;
			shellPath = /bin/sh;
			shellScript = "\"${SRCROOT}/Pods/Target Support Files/Pods-WiproWeather/Pods-WiproWeather-resources.sh\"\n";
			showEnvVarsInLog = 0;
		};
/* End PBXShellScriptBuildPhase section */

/* Begin PBXSourcesBuildPhase section */
		A1F82EE91F274BB300B7A6E7 /* Sources */ = {
			isa = PBXSourcesBuildPhase;
			buildActionMask = 2147483647;
			files = (
				A1F82F0D1F27573100B7A6E7 /* Forecast.swift in Sources */,
				A1F82EF31F274BB300B7A6E7 /* ViewController.swift in Sources */,
				A1F82F0F1F2757DD00B7A6E7 /* Wind.swift in Sources */,
				A1F82F051F2750CF00B7A6E7 /* ApiManager+CityRequest.swift in Sources */,
				A1F82F091F27522A00B7A6E7 /* MainInfo.swift in Sources */,
				A1F82F131F275B0300B7A6E7 /* NSObject+Extension.swift in Sources */,
				A1F82F031F274E4F00B7A6E7 /* ApiManager.swift in Sources */,
				A1F82F071F2751A100B7A6E7 /* DayForecast.swift in Sources */,
				A1F82F0B1F2756D100B7A6E7 /* DayWeather.swift in Sources */,
				A1F82EF11F274BB300B7A6E7 /* AppDelegate.swift in Sources */,
			);
			runOnlyForDeploymentPostprocessing = 0;
		};
/* End PBXSourcesBuildPhase section */

/* Begin PBXVariantGroup section */
		A1F82EF41F274BB300B7A6E7 /* Main.storyboard */ = {
			isa = PBXVariantGroup;
			children = (
				A1F82EF51F274BB300B7A6E7 /* Base */,
			);
			name = Main.storyboard;
			sourceTree = "<group>";
		};
		A1F82EF91F274BB300B7A6E7 /* LaunchScreen.storyboard */ = {
			isa = PBXVariantGroup;
			children = (
				A1F82EFA1F274BB300B7A6E7 /* Base */,
			);
			name = LaunchScreen.storyboard;
			sourceTree = "<group>";
		};
/* End PBXVariantGroup section */

/* Begin XCBuildConfiguration section */
		A1F82EFD1F274BB300B7A6E7 /* Debug */ = {
			isa = XCBuildConfiguration;
			buildSettings = {
				ALWAYS_SEARCH_USER_PATHS = NO;
				CLANG_ANALYZER_NONNULL = YES;
				CLANG_ANALYZER_NUMBER_OBJECT_CONVERSION = YES_AGGRESSIVE;
				CLANG_CXX_LANGUAGE_STANDARD = "gnu++0x";
				CLANG_CXX_LIBRARY = "libc++";
				CLANG_ENABLE_MODULES = YES;
				CLANG_ENABLE_OBJC_ARC = YES;
				CLANG_WARN_BOOL_CONVERSION = YES;
				CLANG_WARN_CONSTANT_CONVERSION = YES;
				CLANG_WARN_DIRECT_OBJC_ISA_USAGE = YES_ERROR;
				CLANG_WARN_DOCUMENTATION_COMMENTS = YES;
				CLANG_WARN_EMPTY_BODY = YES;
				CLANG_WARN_ENUM_CONVERSION = YES;
				CLANG_WARN_INFINITE_RECURSION = YES;
				CLANG_WARN_INT_CONVERSION = YES;
				CLANG_WARN_OBJC_ROOT_CLASS = YES_ERROR;
				CLANG_WARN_SUSPICIOUS_MOVE = YES;
				CLANG_WARN_UNREACHABLE_CODE = YES;
				CLANG_WARN__DUPLICATE_METHOD_MATCH = YES;
				"CODE_SIGN_IDENTITY[sdk=iphoneos*]" = "iPhone Developer";
				COPY_PHASE_STRIP = NO;
				DEBUG_INFORMATION_FORMAT = dwarf;
				ENABLE_STRICT_OBJC_MSGSEND = YES;
				ENABLE_TESTABILITY = YES;
				GCC_C_LANGUAGE_STANDARD = gnu99;
				GCC_DYNAMIC_NO_PIC = NO;
				GCC_NO_COMMON_BLOCKS = YES;
				GCC_OPTIMIZATION_LEVEL = 0;
				GCC_PREPROCESSOR_DEFINITIONS = (
					"DEBUG=1",
					"$(inherited)",
				);
				GCC_WARN_64_TO_32_BIT_CONVERSION = YES;
				GCC_WARN_ABOUT_RETURN_TYPE = YES_ERROR;
				GCC_WARN_UNDECLARED_SELECTOR = YES;
				GCC_WARN_UNINITIALIZED_AUTOS = YES_AGGRESSIVE;
				GCC_WARN_UNUSED_FUNCTION = YES;
				GCC_WARN_UNUSED_VARIABLE = YES;
				IPHONEOS_DEPLOYMENT_TARGET = 10.3;
				MTL_ENABLE_DEBUG_INFO = YES;
				ONLY_ACTIVE_ARCH = YES;
				SDKROOT = iphoneos;
				SWIFT_ACTIVE_COMPILATION_CONDITIONS = DEBUG;
				SWIFT_OPTIMIZATION_LEVEL = "-Onone";
			};
			name = Debug;
		};
		A1F82EFE1F274BB300B7A6E7 /* Release */ = {
			isa = XCBuildConfiguration;
			buildSettings = {
				ALWAYS_SEARCH_USER_PATHS = NO;
				CLANG_ANALYZER_NONNULL = YES;
				CLANG_ANALYZER_NUMBER_OBJECT_CONVERSION = YES_AGGRESSIVE;
				CLANG_CXX_LANGUAGE_STANDARD = "gnu++0x";
				CLANG_CXX_LIBRARY = "libc++";
				CLANG_ENABLE_MODULES = YES;
				CLANG_ENABLE_OBJC_ARC = YES;
				CLANG_WARN_BOOL_CONVERSION = YES;
				CLANG_WARN_CONSTANT_CONVERSION = YES;
				CLANG_WARN_DIRECT_OBJC_ISA_USAGE = YES_ERROR;
				CLANG_WARN_DOCUMENTATION_COMMENTS = YES;
				CLANG_WARN_EMPTY_BODY = YES;
				CLANG_WARN_ENUM_CONVERSION = YES;
				CLANG_WARN_INFINITE_RECURSION = YES;
				CLANG_WARN_INT_CONVERSION = YES;
				CLANG_WARN_OBJC_ROOT_CLASS = YES_ERROR;
				CLANG_WARN_SUSPICIOUS_MOVE = YES;
				CLANG_WARN_UNREACHABLE_CODE = YES;
				CLANG_WARN__DUPLICATE_METHOD_MATCH = YES;
				"CODE_SIGN_IDENTITY[sdk=iphoneos*]" = "iPhone Developer";
				COPY_PHASE_STRIP = NO;
				DEBUG_INFORMATION_FORMAT = "dwarf-with-dsym";
				ENABLE_NS_ASSERTIONS = NO;
				ENABLE_STRICT_OBJC_MSGSEND = YES;
				GCC_C_LANGUAGE_STANDARD = gnu99;
				GCC_NO_COMMON_BLOCKS = YES;
				GCC_WARN_64_TO_32_BIT_CONVERSION = YES;
				GCC_WARN_ABOUT_RETURN_TYPE = YES_ERROR;
				GCC_WARN_UNDECLARED_SELECTOR = YES;
				GCC_WARN_UNINITIALIZED_AUTOS = YES_AGGRESSIVE;
				GCC_WARN_UNUSED_FUNCTION = YES;
				GCC_WARN_UNUSED_VARIABLE = YES;
				IPHONEOS_DEPLOYMENT_TARGET = 10.3;
				MTL_ENABLE_DEBUG_INFO = NO;
				SDKROOT = iphoneos;
				SWIFT_OPTIMIZATION_LEVEL = "-Owholemodule";
				VALIDATE_PRODUCT = YES;
			};
			name = Release;
		};
		A1F82F001F274BB300B7A6E7 /* Debug */ = {
			isa = XCBuildConfiguration;
			baseConfigurationReference = AD98B4ABB316035F1C3F7889 /* Pods-WiproWeather.debug.xcconfig */;
			buildSettings = {
				ASSETCATALOG_COMPILER_APPICON_NAME = AppIcon;
				INFOPLIST_FILE = WiproWeather/Info.plist;
				LD_RUNPATH_SEARCH_PATHS = "$(inherited) @executable_path/Frameworks";
				PRODUCT_BUNDLE_IDENTIFIER = home.WiproWeather;
				PRODUCT_NAME = "$(TARGET_NAME)";
				SWIFT_VERSION = 3.0;
			};
			name = Debug;
		};
		A1F82F011F274BB300B7A6E7 /* Release */ = {
			isa = XCBuildConfiguration;
			baseConfigurationReference = 853A7CE54FC10BCEE69F5BE2 /* Pods-WiproWeather.release.xcconfig */;
			buildSettings = {
				ASSETCATALOG_COMPILER_APPICON_NAME = AppIcon;
				INFOPLIST_FILE = WiproWeather/Info.plist;
				LD_RUNPATH_SEARCH_PATHS = "$(inherited) @executable_path/Frameworks";
				PRODUCT_BUNDLE_IDENTIFIER = home.WiproWeather;
				PRODUCT_NAME = "$(TARGET_NAME)";
				SWIFT_VERSION = 3.0;
			};
			name = Release;
		};
/* End XCBuildConfiguration section */

/* Begin XCConfigurationList section */
		A1F82EE81F274BB300B7A6E7 /* Build configuration list for PBXProject "WiproWeather" */ = {
			isa = XCConfigurationList;
			buildConfigurations = (
				A1F82EFD1F274BB300B7A6E7 /* Debug */,
				A1F82EFE1F274BB300B7A6E7 /* Release */,
			);
			defaultConfigurationIsVisible = 0;
			defaultConfigurationName = Release;
		};
		A1F82EFF1F274BB300B7A6E7 /* Build configuration list for PBXNativeTarget "WiproWeather" */ = {
			isa = XCConfigurationList;
			buildConfigurations = (
				A1F82F001F274BB300B7A6E7 /* Debug */,
				A1F82F011F274BB300B7A6E7 /* Release */,
			);
			defaultConfigurationIsVisible = 0;
			defaultConfigurationName = Release;
		};
/* End XCConfigurationList section */
	};
	rootObject = A1F82EE51F274BB300B7A6E7 /* Project object */;
}
